
Microsoft Visual Studio Solution File, Format Version 12.00
# Visual Studio Version 17
VisualStudioVersion = 17.7.34003.232
MinimumVisualStudioVersion = 10.0.40219.1
Project("{FAE04EC0-301F-11D3-BF4B-00C04F79EFBC}") = "BookWeb", "BookWeb\BookWeb.csproj", "{B47FBC79-2EC2-408E-AD03-9351BF118FE1}"
EndProject
Global
	GlobalSection(SolutionConfigurationPlatforms) = preSolution
		Debug|Any CPU = Debug|Any CPU
		Release|Any CPU = Release|Any CPU
	EndGlobalSection
	GlobalSection(ProjectConfigurationPlatforms) = postSolution
		{B47FBC79-2EC2-408E-AD03-9351BF118FE1}.Debug|Any CPU.ActiveCfg = Debug|Any CPU
		{B47FBC79-2EC2-408E-AD03-9351BF118FE1}.Debug|Any CPU.Build.0 = Debug|Any CPU
		{B47FBC79-2EC2-408E-AD03-9351BF118FE1}.Release|Any CPU.ActiveCfg = Release|Any CPU
		{B47FBC79-2EC2-408E-AD03-9351BF118FE1}.Release|Any CPU.Build.0 = Release|Any CPU
	EndGlobalSection
	GlobalSection(SolutionProperties) = preSolution
		HideSolutionNode = FALSE
	EndGlobalSection
	GlobalSection(ExtensibilityGlobals) = postSolution
		SolutionGuid = {90EC8AAA-4549-4EC7-ABA5-A8C8043B57D5}
	EndGlobalSection
EndGlobal
